// !$*UTF8*$!
{
	archiveVersion = 1;
	classes = {
	};
	objectVersion = 46;
	objects = {

/* Begin PBXBuildFile section */
		291C0B221AFED1A000D829EB /* ViewController.m in Sources */ = {isa = PBXBuildFile; fileRef = 29D15E931AF8B6F900F28A97 /* ViewController.m */; };
		292815671B5806AD0028A3B7 /* heart.png in Resources */ = {isa = PBXBuildFile; fileRef = 292815651B5806AD0028A3B7 /* heart.png */; };
		292815681B5806AD0028A3B7 /* heart@2x.png in Resources */ = {isa = PBXBuildFile; fileRef = 292815661B5806AD0028A3B7 /* heart@2x.png */; };
		29409D571B6C171D00AC2304 /* FRPCell.m in Sources */ = {isa = PBXBuildFile; fileRef = 29409D391B6C171D00AC2304 /* FRPCell.m */; };
		29409D581B6C171D00AC2304 /* FRPDeveloperCell.m in Sources */ = {isa = PBXBuildFile; fileRef = 29409D3B1B6C171D00AC2304 /* FRPDeveloperCell.m */; };
		29409D591B6C171D00AC2304 /* FRPLinkCell.m in Sources */ = {isa = PBXBuildFile; fileRef = 29409D3D1B6C171D00AC2304 /* FRPLinkCell.m */; };
		29409D5A1B6C171D00AC2304 /* FRPListCell.m in Sources */ = {isa = PBXBuildFile; fileRef = 29409D3F1B6C171D00AC2304 /* FRPListCell.m */; };
		29409D5B1B6C171D00AC2304 /* FRPreferences.m in Sources */ = {isa = PBXBuildFile; fileRef = 29409D411B6C171D00AC2304 /* FRPreferences.m */; };
		29409D5C1B6C171D00AC2304 /* FRPSection.m in Sources */ = {isa = PBXBuildFile; fileRef = 29409D441B6C171D00AC2304 /* FRPSection.m */; };
		29409D5D1B6C171D00AC2304 /* FRPSegmentCell.m in Sources */ = {isa = PBXBuildFile; fileRef = 29409D461B6C171D00AC2304 /* FRPSegmentCell.m */; };
		29409D5E1B6C171D00AC2304 /* FRPSelectListTable.m in Sources */ = {isa = PBXBuildFile; fileRef = 29409D481B6C171D00AC2304 /* FRPSelectListTable.m */; };
		29409D5F1B6C171D00AC2304 /* FRPSettings.m in Sources */ = {isa = PBXBuildFile; fileRef = 29409D4A1B6C171D00AC2304 /* FRPSettings.m */; };
		29409D601B6C171D00AC2304 /* FRPSliderCell.m in Sources */ = {isa = PBXBuildFile; fileRef = 29409D4C1B6C171D00AC2304 /* FRPSliderCell.m */; };
		29409D611B6C171D00AC2304 /* FRPSwitchCell.m in Sources */ = {isa = PBXBuildFile; fileRef = 29409D4E1B6C171D00AC2304 /* FRPSwitchCell.m */; };
		29409D621B6C171D00AC2304 /* FRPTextFieldCell.m in Sources */ = {isa = PBXBuildFile; fileRef = 29409D501B6C171D00AC2304 /* FRPTextFieldCell.m */; };
		29409D631B6C171D00AC2304 /* FRPValueCell.m in Sources */ = {isa = PBXBuildFile; fileRef = 29409D521B6C171D00AC2304 /* FRPValueCell.m */; };
		29409D641B6C171D00AC2304 /* FRPViewCell.m in Sources */ = {isa = PBXBuildFile; fileRef = 29409D541B6C171D00AC2304 /* FRPViewCell.m */; };
		29409D651B6C171D00AC2304 /* FRPViewSection.m in Sources */ = {isa = PBXBuildFile; fileRef = 29409D561B6C171D00AC2304 /* FRPViewSection.m */; };
		29409D671B6C17D900AC2304 /* logo.png in Resources */ = {isa = PBXBuildFile; fileRef = 29409D661B6C17D900AC2304 /* logo.png */; };
		29D15E8E1AF8B6F900F28A97 /* main.m in Sources */ = {isa = PBXBuildFile; fileRef = 29D15E8D1AF8B6F900F28A97 /* main.m */; };
		29D15E911AF8B6F900F28A97 /* AppDelegate.m in Sources */ = {isa = PBXBuildFile; fileRef = 29D15E901AF8B6F900F28A97 /* AppDelegate.m */; };
		29D15E971AF8B6F900F28A97 /* Main.storyboard in Resources */ = {isa = PBXBuildFile; fileRef = 29D15E951AF8B6F900F28A97 /* Main.storyboard */; };
		29D15E991AF8B6F900F28A97 /* Images.xcassets in Resources */ = {isa = PBXBuildFile; fileRef = 29D15E981AF8B6F900F28A97 /* Images.xcassets */; };
		29D15E9C1AF8B6F900F28A97 /* LaunchScreen.xib in Resources */ = {isa = PBXBuildFile; fileRef = 29D15E9A1AF8B6F900F28A97 /* LaunchScreen.xib */; };
		29D15EA81AF8B6F900F28A97 /* FRPreferencesTests.m in Sources */ = {isa = PBXBuildFile; fileRef = 29D15EA71AF8B6F900F28A97 /* FRPreferencesTests.m */; };
/* End PBXBuildFile section */

/* Begin PBXContainerItemProxy section */
		29D15EA21AF8B6F900F28A97 /* PBXContainerItemProxy */ = {
			isa = PBXContainerItemProxy;
			containerPortal = 29D15E801AF8B6F900F28A97 /* Project object */;
			proxyType = 1;
			remoteGlobalIDString = 29D15E871AF8B6F900F28A97;
			remoteInfo = FRPreferences;
		};
/* End PBXContainerItemProxy section */

/* Begin PBXFileReference section */
		292815651B5806AD0028A3B7 /* heart.png */ = {isa = PBXFileReference; lastKnownFileType = image.png; path = heart.png; sourceTree = "<group>"; };
		292815661B5806AD0028A3B7 /* heart@2x.png */ = {isa = PBXFileReference; lastKnownFileType = image.png; path = "heart@2x.png"; sourceTree = "<group>"; };
		29409D381B6C171D00AC2304 /* FRPCell.h */ = {isa = PBXFileReference; fileEncoding = 4; lastKnownFileType = sourcecode.c.h; path = FRPCell.h; sourceTree = "<group>"; };
		29409D391B6C171D00AC2304 /* FRPCell.m */ = {isa = PBXFileReference; fileEncoding = 4; lastKnownFileType = sourcecode.c.objc; path = FRPCell.m; sourceTree = "<group>"; };
		29409D3A1B6C171D00AC2304 /* FRPDeveloperCell.h */ = {isa = PBXFileReference; fileEncoding = 4; lastKnownFileType = sourcecode.c.h; path = FRPDeveloperCell.h; sourceTree = "<group>"; };
		29409D3B1B6C171D00AC2304 /* FRPDeveloperCell.m */ = {isa = PBXFileReference; fileEncoding = 4; lastKnownFileType = sourcecode.c.objc; path = FRPDeveloperCell.m; sourceTree = "<group>"; };
		29409D3C1B6C171D00AC2304 /* FRPLinkCell.h */ = {isa = PBXFileReference; fileEncoding = 4; lastKnownFileType = sourcecode.c.h; path = FRPLinkCell.h; sourceTree = "<group>"; };
		29409D3D1B6C171D00AC2304 /* FRPLinkCell.m */ = {isa = PBXFileReference; fileEncoding = 4; lastKnownFileType = sourcecode.c.objc; path = FRPLinkCell.m; sourceTree = "<group>"; };
		29409D3E1B6C171D00AC2304 /* FRPListCell.h */ = {isa = PBXFileReference; fileEncoding = 4; lastKnownFileType = sourcecode.c.h; path = FRPListCell.h; sourceTree = "<group>"; };
		29409D3F1B6C171D00AC2304 /* FRPListCell.m */ = {isa = PBXFileReference; fileEncoding = 4; lastKnownFileType = sourcecode.c.objc; path = FRPListCell.m; sourceTree = "<group>"; };
		29409D401B6C171D00AC2304 /* FRPreferences.h */ = {isa = PBXFileReference; fileEncoding = 4; lastKnownFileType = sourcecode.c.h; path = FRPreferences.h; sourceTree = "<group>"; };
		29409D411B6C171D00AC2304 /* FRPreferences.m */ = {isa = PBXFileReference; fileEncoding = 4; lastKnownFileType = sourcecode.c.objc; path = FRPreferences.m; sourceTree = "<group>"; };
		29409D421B6C171D00AC2304 /* FRPrefs.h */ = {isa = PBXFileReference; fileEncoding = 4; lastKnownFileType = sourcecode.c.h; path = FRPrefs.h; sourceTree = "<group>"; };
		29409D431B6C171D00AC2304 /* FRPSection.h */ = {isa = PBXFileReference; fileEncoding = 4; lastKnownFileType = sourcecode.c.h; path = FRPSection.h; sourceTree = "<group>"; };
		29409D441B6C171D00AC2304 /* FRPSection.m */ = {isa = PBXFileReference; fileEncoding = 4; lastKnownFileType = sourcecode.c.objc; path = FRPSection.m; sourceTree = "<group>"; };
		29409D451B6C171D00AC2304 /* FRPSegmentCell.h */ = {isa = PBXFileReference; fileEncoding = 4; lastKnownFileType = sourcecode.c.h; path = FRPSegmentCell.h; sourceTree = "<group>"; };
		29409D461B6C171D00AC2304 /* FRPSegmentCell.m */ = {isa = PBXFileReference; fileEncoding = 4; lastKnownFileType = sourcecode.c.objc; path = FRPSegmentCell.m; sourceTree = "<group>"; };
		29409D471B6C171D00AC2304 /* FRPSelectListTable.h */ = {isa = PBXFileReference; fileEncoding = 4; lastKnownFileType = sourcecode.c.h; path = FRPSelectListTable.h; sourceTree = "<group>"; };
		29409D481B6C171D00AC2304 /* FRPSelectListTable.m */ = {isa = PBXFileReference; fileEncoding = 4; lastKnownFileType = sourcecode.c.objc; path = FRPSelectListTable.m; sourceTree = "<group>"; };
		29409D491B6C171D00AC2304 /* FRPSettings.h */ = {isa = PBXFileReference; fileEncoding = 4; lastKnownFileType = sourcecode.c.h; path = FRPSettings.h; sourceTree = "<group>"; };
		29409D4A1B6C171D00AC2304 /* FRPSettings.m */ = {isa = PBXFileReference; fileEncoding = 4; lastKnownFileType = sourcecode.c.objc; path = FRPSettings.m; sourceTree = "<group>"; };
		29409D4B1B6C171D00AC2304 /* FRPSliderCell.h */ = {isa = PBXFileReference; fileEncoding = 4; lastKnownFileType = sourcecode.c.h; path = FRPSliderCell.h; sourceTree = "<group>"; };
		29409D4C1B6C171D00AC2304 /* FRPSliderCell.m */ = {isa = PBXFileReference; fileEncoding = 4; lastKnownFileType = sourcecode.c.objc; path = FRPSliderCell.m; sourceTree = "<group>"; };
		29409D4D1B6C171D00AC2304 /* FRPSwitchCell.h */ = {isa = PBXFileReference; fileEncoding = 4; lastKnownFileType = sourcecode.c.h; path = FRPSwitchCell.h; sourceTree = "<group>"; };
		29409D4E1B6C171D00AC2304 /* FRPSwitchCell.m */ = {isa = PBXFileReference; fileEncoding = 4; lastKnownFileType = sourcecode.c.objc; path = FRPSwitchCell.m; sourceTree = "<group>"; };
		29409D4F1B6C171D00AC2304 /* FRPTextFieldCell.h */ = {isa = PBXFileReference; fileEncoding = 4; lastKnownFileType = sourcecode.c.h; path = FRPTextFieldCell.h; sourceTree = "<group>"; };
		29409D501B6C171D00AC2304 /* FRPTextFieldCell.m */ = {isa = PBXFileReference; fileEncoding = 4; lastKnownFileType = sourcecode.c.objc; path = FRPTextFieldCell.m; sourceTree = "<group>"; };
		29409D511B6C171D00AC2304 /* FRPValueCell.h */ = {isa = PBXFileReference; fileEncoding = 4; lastKnownFileType = sourcecode.c.h; path = FRPValueCell.h; sourceTree = "<group>"; };
		29409D521B6C171D00AC2304 /* FRPValueCell.m */ = {isa = PBXFileReference; fileEncoding = 4; lastKnownFileType = sourcecode.c.objc; path = FRPValueCell.m; sourceTree = "<group>"; };
		29409D531B6C171D00AC2304 /* FRPViewCell.h */ = {isa = PBXFileReference; fileEncoding = 4; lastKnownFileType = sourcecode.c.h; path = FRPViewCell.h; sourceTree = "<group>"; };
		29409D541B6C171D00AC2304 /* FRPViewCell.m */ = {isa = PBXFileReference; fileEncoding = 4; lastKnownFileType = sourcecode.c.objc; path = FRPViewCell.m; sourceTree = "<group>"; };
		29409D551B6C171D00AC2304 /* FRPViewSection.h */ = {isa = PBXFileReference; fileEncoding = 4; lastKnownFileType = sourcecode.c.h; path = FRPViewSection.h; sourceTree = "<group>"; };
		29409D561B6C171D00AC2304 /* FRPViewSection.m */ = {isa = PBXFileReference; fileEncoding = 4; lastKnownFileType = sourcecode.c.objc; path = FRPViewSection.m; sourceTree = "<group>"; };
		29409D661B6C17D900AC2304 /* logo.png */ = {isa = PBXFileReference; lastKnownFileType = image.png; path = logo.png; sourceTree = "<group>"; };
		29D15E881AF8B6F900F28A97 /* FRPreferences.app */ = {isa = PBXFileReference; explicitFileType = wrapper.application; includeInIndex = 0; path = FRPreferences.app; sourceTree = BUILT_PRODUCTS_DIR; };
		29D15E8C1AF8B6F900F28A97 /* Info.plist */ = {isa = PBXFileReference; lastKnownFileType = text.plist.xml; path = Info.plist; sourceTree = "<group>"; };
		29D15E8D1AF8B6F900F28A97 /* main.m */ = {isa = PBXFileReference; lastKnownFileType = sourcecode.c.objc; path = main.m; sourceTree = "<group>"; };
		29D15E8F1AF8B6F900F28A97 /* AppDelegate.h */ = {isa = PBXFileReference; lastKnownFileType = sourcecode.c.h; path = AppDelegate.h; sourceTree = "<group>"; };
		29D15E901AF8B6F900F28A97 /* AppDelegate.m */ = {isa = PBXFileReference; lastKnownFileType = sourcecode.c.objc; path = AppDelegate.m; sourceTree = "<group>"; };
		29D15E921AF8B6F900F28A97 /* ViewController.h */ = {isa = PBXFileReference; lastKnownFileType = sourcecode.c.h; path = ViewController.h; sourceTree = "<group>"; };
		29D15E931AF8B6F900F28A97 /* ViewController.m */ = {isa = PBXFileReference; lastKnownFileType = sourcecode.c.objc; path = ViewController.m; sourceTree = "<group>"; };
		29D15E961AF8B6F900F28A97 /* Base */ = {isa = PBXFileReference; lastKnownFileType = file.storyboard; name = Base; path = Base.lproj/Main.storyboard; sourceTree = "<group>"; };
		29D15E981AF8B6F900F28A97 /* Images.xcassets */ = {isa = PBXFileReference; lastKnownFileType = folder.assetcatalog; path = Images.xcassets; sourceTree = "<group>"; };
		29D15E9B1AF8B6F900F28A97 /* Base */ = {isa = PBXFileReference; lastKnownFileType = file.xib; name = Base; path = Base.lproj/LaunchScreen.xib; sourceTree = "<group>"; };
		29D15EA11AF8B6F900F28A97 /* FRPreferencesTests.xctest */ = {isa = PBXFileReference; explicitFileType = wrapper.cfbundle; includeInIndex = 0; path = FRPreferencesTests.xctest; sourceTree = BUILT_PRODUCTS_DIR; };
		29D15EA61AF8B6F900F28A97 /* Info.plist */ = {isa = PBXFileReference; lastKnownFileType = text.plist.xml; path = Info.plist; sourceTree = "<group>"; };
		29D15EA71AF8B6F900F28A97 /* FRPreferencesTests.m */ = {isa = PBXFileReference; lastKnownFileType = sourcecode.c.objc; path = FRPreferencesTests.m; sourceTree = "<group>"; };
/* End PBXFileReference section */

/* Begin PBXFrameworksBuildPhase section */
		29D15E851AF8B6F900F28A97 /* Frameworks */ = {
			isa = PBXFrameworksBuildPhase;
			buildActionMask = 2147483647;
			files = (
			);
			runOnlyForDeploymentPostprocessing = 0;
		};
		29D15E9E1AF8B6F900F28A97 /* Frameworks */ = {
			isa = PBXFrameworksBuildPhase;
			buildActionMask = 2147483647;
			files = (
			);
			runOnlyForDeploymentPostprocessing = 0;
		};
/* End PBXFrameworksBuildPhase section */

/* Begin PBXGroup section */
		29409D371B6C171D00AC2304 /* FRPreferences */ = {
			isa = PBXGroup;
			children = (
				29409D421B6C171D00AC2304 /* FRPrefs.h */,
				29409D401B6C171D00AC2304 /* FRPreferences.h */,
				29409D411B6C171D00AC2304 /* FRPreferences.m */,
				29409D431B6C171D00AC2304 /* FRPSection.h */,
				29409D441B6C171D00AC2304 /* FRPSection.m */,
				29409D381B6C171D00AC2304 /* FRPCell.h */,
				29409D391B6C171D00AC2304 /* FRPCell.m */,
				29409D3A1B6C171D00AC2304 /* FRPDeveloperCell.h */,
				29409D3B1B6C171D00AC2304 /* FRPDeveloperCell.m */,
				29409D3C1B6C171D00AC2304 /* FRPLinkCell.h */,
				29409D3D1B6C171D00AC2304 /* FRPLinkCell.m */,
				29409D3E1B6C171D00AC2304 /* FRPListCell.h */,
				29409D3F1B6C171D00AC2304 /* FRPListCell.m */,
				29409D451B6C171D00AC2304 /* FRPSegmentCell.h */,
				29409D461B6C171D00AC2304 /* FRPSegmentCell.m */,
				29409D471B6C171D00AC2304 /* FRPSelectListTable.h */,
				29409D481B6C171D00AC2304 /* FRPSelectListTable.m */,
				29409D491B6C171D00AC2304 /* FRPSettings.h */,
				29409D4A1B6C171D00AC2304 /* FRPSettings.m */,
				29409D4B1B6C171D00AC2304 /* FRPSliderCell.h */,
				29409D4C1B6C171D00AC2304 /* FRPSliderCell.m */,
				29409D4D1B6C171D00AC2304 /* FRPSwitchCell.h */,
				29409D4E1B6C171D00AC2304 /* FRPSwitchCell.m */,
				29409D4F1B6C171D00AC2304 /* FRPTextFieldCell.h */,
				29409D501B6C171D00AC2304 /* FRPTextFieldCell.m */,
				29409D511B6C171D00AC2304 /* FRPValueCell.h */,
				29409D521B6C171D00AC2304 /* FRPValueCell.m */,
				29409D531B6C171D00AC2304 /* FRPViewCell.h */,
				29409D541B6C171D00AC2304 /* FRPViewCell.m */,
				29409D551B6C171D00AC2304 /* FRPViewSection.h */,
				29409D561B6C171D00AC2304 /* FRPViewSection.m */,
			);
			name = FRPreferences;
			path = ../../FRPreferences;
			sourceTree = "<group>";
		};
		29D15E7F1AF8B6F900F28A97 = {
			isa = PBXGroup;
			children = (
				29D15E8A1AF8B6F900F28A97 /* FRPreferences */,
				29D15EA41AF8B6F900F28A97 /* FRPreferencesTests */,
				29D15E891AF8B6F900F28A97 /* Products */,
			);
			sourceTree = "<group>";
		};
		29D15E891AF8B6F900F28A97 /* Products */ = {
			isa = PBXGroup;
			children = (
				29D15E881AF8B6F900F28A97 /* FRPreferences.app */,
				29D15EA11AF8B6F900F28A97 /* FRPreferencesTests.xctest */,
			);
			name = Products;
			sourceTree = "<group>";
		};
		29D15E8A1AF8B6F900F28A97 /* FRPreferences */ = {
			isa = PBXGroup;
			children = (
				29409D371B6C171D00AC2304 /* FRPreferences */,
				29D15E8F1AF8B6F900F28A97 /* AppDelegate.h */,
				29D15E901AF8B6F900F28A97 /* AppDelegate.m */,
				29D15E921AF8B6F900F28A97 /* ViewController.h */,
				29D15E931AF8B6F900F28A97 /* ViewController.m */,
				29D15E951AF8B6F900F28A97 /* Main.storyboard */,
				29D15E981AF8B6F900F28A97 /* Images.xcassets */,
				29D15E9A1AF8B6F900F28A97 /* LaunchScreen.xib */,
				29D15E8B1AF8B6F900F28A97 /* Supporting Files */,
			);
			path = FRPreferences;
			sourceTree = "<group>";
		};
		29D15E8B1AF8B6F900F28A97 /* Supporting Files */ = {
			isa = PBXGroup;
			children = (
				29409D661B6C17D900AC2304 /* logo.png */,
				292815651B5806AD0028A3B7 /* heart.png */,
				292815661B5806AD0028A3B7 /* heart@2x.png */,
				29D15E8C1AF8B6F900F28A97 /* Info.plist */,
				29D15E8D1AF8B6F900F28A97 /* main.m */,
			);
			name = "Supporting Files";
			sourceTree = "<group>";
		};
		29D15EA41AF8B6F900F28A97 /* FRPreferencesTests */ = {
			isa = PBXGroup;
			children = (
				29D15EA71AF8B6F900F28A97 /* FRPreferencesTests.m */,
				29D15EA51AF8B6F900F28A97 /* Supporting Files */,
			);
			path = FRPreferencesTests;
			sourceTree = "<group>";
		};
		29D15EA51AF8B6F900F28A97 /* Supporting Files */ = {
			isa = PBXGroup;
			children = (
				29D15EA61AF8B6F900F28A97 /* Info.plist */,
			);
			name = "Supporting Files";
			sourceTree = "<group>";
		};
/* End PBXGroup section */

/* Begin PBXNativeTarget section */
		29D15E871AF8B6F900F28A97 /* FRPreferences */ = {
			isa = PBXNativeTarget;
			buildConfigurationList = 29D15EAB1AF8B6F900F28A97 /* Build configuration list for PBXNativeTarget "FRPreferences" */;
			buildPhases = (
				29D15E841AF8B6F900F28A97 /* Sources */,
				29D15E851AF8B6F900F28A97 /* Frameworks */,
				29D15E861AF8B6F900F28A97 /* Resources */,
			);
			buildRules = (
			);
			dependencies = (
			);
			name = FRPreferences;
			productName = FRPreferences;
			productReference = 29D15E881AF8B6F900F28A97 /* FRPreferences.app */;
			productType = "com.apple.product-type.application";
		};
		29D15EA01AF8B6F900F28A97 /* FRPreferencesTests */ = {
			isa = PBXNativeTarget;
			buildConfigurationList = 29D15EAE1AF8B6F900F28A97 /* Build configuration list for PBXNativeTarget "FRPreferencesTests" */;
			buildPhases = (
				29D15E9D1AF8B6F900F28A97 /* Sources */,
				29D15E9E1AF8B6F900F28A97 /* Frameworks */,
				29D15E9F1AF8B6F900F28A97 /* Resources */,
			);
			buildRules = (
			);
			dependencies = (
				29D15EA31AF8B6F900F28A97 /* PBXTargetDependency */,
			);
			name = FRPreferencesTests;
			productName = FRPreferencesTests;
			productReference = 29D15EA11AF8B6F900F28A97 /* FRPreferencesTests.xctest */;
			productType = "com.apple.product-type.bundle.unit-test";
		};
/* End PBXNativeTarget section */

/* Begin PBXProject section */
		29D15E801AF8B6F900F28A97 /* Project object */ = {
			isa = PBXProject;
			attributes = {
				LastUpgradeCheck = 0610;
				ORGANIZATIONNAME = F0u4d;
				TargetAttributes = {
					29D15E871AF8B6F900F28A97 = {
						CreatedOnToolsVersion = 6.1;
					};
					29D15EA01AF8B6F900F28A97 = {
						CreatedOnToolsVersion = 6.1;
						TestTargetID = 29D15E871AF8B6F900F28A97;
					};
				};
			};
			buildConfigurationList = 29D15E831AF8B6F900F28A97 /* Build configuration list for PBXProject "FRPreferences" */;
			compatibilityVersion = "Xcode 3.2";
			developmentRegion = English;
			hasScannedForEncodings = 0;
			knownRegions = (
				en,
				Base,
			);
			mainGroup = 29D15E7F1AF8B6F900F28A97;
			productRefGroup = 29D15E891AF8B6F900F28A97 /* Products */;
			projectDirPath = "";
			projectRoot = "";
			targets = (
				29D15E871AF8B6F900F28A97 /* FRPreferences */,
				29D15EA01AF8B6F900F28A97 /* FRPreferencesTests */,
			);
		};
/* End PBXProject section */

/* Begin PBXResourcesBuildPhase section */
		29D15E861AF8B6F900F28A97 /* Resources */ = {
			isa = PBXResourcesBuildPhase;
			buildActionMask = 2147483647;
			files = (
				292815671B5806AD0028A3B7 /* heart.png in Resources */,
				29D15E971AF8B6F900F28A97 /* Main.storyboard in Resources */,
				292815681B5806AD0028A3B7 /* heart@2x.png in Resources */,
				29409D671B6C17D900AC2304 /* logo.png in Resources */,
				29D15E9C1AF8B6F900F28A97 /* LaunchScreen.xib in Resources */,
				29D15E991AF8B6F900F28A97 /* Images.xcassets in Resources */,
			);
			runOnlyForDeploymentPostprocessing = 0;
		};
		29D15E9F1AF8B6F900F28A97 /* Resources */ = {
			isa = PBXResourcesBuildPhase;
			buildActionMask = 2147483647;
			files = (
			);
			runOnlyForDeploymentPostprocessing = 0;
		};
/* End PBXResourcesBuildPhase section */

/* Begin PBXSourcesBuildPhase section */
		29D15E841AF8B6F900F28A97 /* Sources */ = {
			isa = PBXSourcesBuildPhase;
			buildActionMask = 2147483647;
			files = (
				29409D591B6C171D00AC2304 /* FRPLinkCell.m in Sources */,
				29409D581B6C171D00AC2304 /* FRPDeveloperCell.m in Sources */,
				29409D641B6C171D00AC2304 /* FRPViewCell.m in Sources */,
				29409D5D1B6C171D00AC2304 /* FRPSegmentCell.m in Sources */,
				29409D571B6C171D00AC2304 /* FRPCell.m in Sources */,
				291C0B221AFED1A000D829EB /* ViewController.m in Sources */,
				29409D5C1B6C171D00AC2304 /* FRPSection.m in Sources */,
				29409D5B1B6C171D00AC2304 /* FRPreferences.m in Sources */,
				29409D621B6C171D00AC2304 /* FRPTextFieldCell.m in Sources */,
				29D15E911AF8B6F900F28A97 /* AppDelegate.m in Sources */,
				29409D5E1B6C171D00AC2304 /* FRPSelectListTable.m in Sources */,
				29409D5F1B6C171D00AC2304 /* FRPSettings.m in Sources */,
				29409D611B6C171D00AC2304 /* FRPSwitchCell.m in Sources */,
				29409D5A1B6C171D00AC2304 /* FRPListCell.m in Sources */,
				29409D601B6C171D00AC2304 /* FRPSliderCell.m in Sources */,
				29409D651B6C171D00AC2304 /* FRPViewSection.m in Sources */,
				29409D631B6C171D00AC2304 /* FRPValueCell.m in Sources */,
				29D15E8E1AF8B6F900F28A97 /* main.m in Sources */,
			);
			runOnlyForDeploymentPostprocessing = 0;
		};
		29D15E9D1AF8B6F900F28A97 /* Sources */ = {
			isa = PBXSourcesBuildPhase;
			buildActionMask = 2147483647;
			files = (
				29D15EA81AF8B6F900F28A97 /* FRPreferencesTests.m in Sources */,
			);
			runOnlyForDeploymentPostprocessing = 0;
		};
/* End PBXSourcesBuildPhase section */

/* Begin PBXTargetDependency section */
		29D15EA31AF8B6F900F28A97 /* PBXTargetDependency */ = {
			isa = PBXTargetDependency;
			target = 29D15E871AF8B6F900F28A97 /* FRPreferences */;
			targetProxy = 29D15EA21AF8B6F900F28A97 /* PBXContainerItemProxy */;
		};
/* End PBXTargetDependency section */

/* Begin PBXVariantGroup section */
		29D15E951AF8B6F900F28A97 /* Main.storyboard */ = {
			isa = PBXVariantGroup;
			children = (
				29D15E961AF8B6F900F28A97 /* Base */,
			);
			name = Main.storyboard;
			sourceTree = "<group>";
		};
		29D15E9A1AF8B6F900F28A97 /* LaunchScreen.xib */ = {
			isa = PBXVariantGroup;
			children = (
				29D15E9B1AF8B6F900F28A97 /* Base */,
			);
			name = LaunchScreen.xib;
			sourceTree = "<group>";
		};
/* End PBXVariantGroup section */

/* Begin XCBuildConfiguration section */
		29D15EA91AF8B6F900F28A97 /* Debug */ = {
			isa = XCBuildConfiguration;
			buildSettings = {
				ALWAYS_SEARCH_USER_PATHS = NO;
				CLANG_CXX_LANGUAGE_STANDARD = "gnu++0x";
				CLANG_CXX_LIBRARY = "libc++";
				CLANG_ENABLE_MODULES = YES;
				CLANG_ENABLE_OBJC_ARC = YES;
				CLANG_WARN_BOOL_CONVERSION = YES;
				CLANG_WARN_CONSTANT_CONVERSION = YES;
				CLANG_WARN_DIRECT_OBJC_ISA_USAGE = YES_ERROR;
				CLANG_WARN_EMPTY_BODY = YES;
				CLANG_WARN_ENUM_CONVERSION = YES;
				CLANG_WARN_INT_CONVERSION = YES;
				CLANG_WARN_OBJC_ROOT_CLASS = YES_ERROR;
				CLANG_WARN_UNREACHABLE_CODE = YES;
				CLANG_WARN__DUPLICATE_METHOD_MATCH = YES;
				"CODE_SIGN_IDENTITY[sdk=iphoneos*]" = "iPhone Developer";
				COPY_PHASE_STRIP = NO;
				ENABLE_STRICT_OBJC_MSGSEND = YES;
				GCC_C_LANGUAGE_STANDARD = gnu99;
				GCC_DYNAMIC_NO_PIC = NO;
				GCC_OPTIMIZATION_LEVEL = 0;
				GCC_PREPROCESSOR_DEFINITIONS = (
					"DEBUG=1",
					"$(inherited)",
				);
				GCC_SYMBOLS_PRIVATE_EXTERN = NO;
				GCC_WARN_64_TO_32_BIT_CONVERSION = YES;
				GCC_WARN_ABOUT_RETURN_TYPE = YES_ERROR;
				GCC_WARN_UNDECLARED_SELECTOR = YES;
				GCC_WARN_UNINITIALIZED_AUTOS = YES_AGGRESSIVE;
				GCC_WARN_UNUSED_FUNCTION = YES;
				GCC_WARN_UNUSED_VARIABLE = YES;
				IPHONEOS_DEPLOYMENT_TARGET = 8.1;
				MTL_ENABLE_DEBUG_INFO = YES;
				ONLY_ACTIVE_ARCH = YES;
				SDKROOT = iphoneos;
			};
			name = Debug;
		};
		29D15EAA1AF8B6F900F28A97 /* Release */ = {
			isa = XCBuildConfiguration;
			buildSettings = {
				ALWAYS_SEARCH_USER_PATHS = NO;
				CLANG_CXX_LANGUAGE_STANDARD = "gnu++0x";
				CLANG_CXX_LIBRARY = "libc++";
				CLANG_ENABLE_MODULES = YES;
				CLANG_ENABLE_OBJC_ARC = YES;
				CLANG_WARN_BOOL_CONVERSION = YES;
				CLANG_WARN_CONSTANT_CONVERSION = YES;
				CLANG_WARN_DIRECT_OBJC_ISA_USAGE = YES_ERROR;
				CLANG_WARN_EMPTY_BODY = YES;
				CLANG_WARN_ENUM_CONVERSION = YES;
				CLANG_WARN_INT_CONVERSION = YES;
				CLANG_WARN_OBJC_ROOT_CLASS = YES_ERROR;
				CLANG_WARN_UNREACHABLE_CODE = YES;
				CLANG_WARN__DUPLICATE_METHOD_MATCH = YES;
				"CODE_SIGN_IDENTITY[sdk=iphoneos*]" = "iPhone Developer";
				COPY_PHASE_STRIP = YES;
				ENABLE_NS_ASSERTIONS = NO;
				ENABLE_STRICT_OBJC_MSGSEND = YES;
				GCC_C_LANGUAGE_STANDARD = gnu99;
				GCC_WARN_64_TO_32_BIT_CONVERSION = YES;
				GCC_WARN_ABOUT_RETURN_TYPE = YES_ERROR;
				GCC_WARN_UNDECLARED_SELECTOR = YES;
				GCC_WARN_UNINITIALIZED_AUTOS = YES_AGGRESSIVE;
				GCC_WARN_UNUSED_FUNCTION = YES;
				GCC_WARN_UNUSED_VARIABLE = YES;
				IPHONEOS_DEPLOYMENT_TARGET = 8.1;
				MTL_ENABLE_DEBUG_INFO = NO;
				SDKROOT = iphoneos;
				VALIDATE_PRODUCT = YES;
			};
			name = Release;
		};
		29D15EAC1AF8B6F900F28A97 /* Debug */ = {
			isa = XCBuildConfiguration;
			buildSettings = {
				ASSETCATALOG_COMPILER_APPICON_NAME = AppIcon;
				CODE_SIGN_IDENTITY = "";
				"CODE_SIGN_IDENTITY[sdk=iphoneos*]" = "";
				INFOPLIST_FILE = FRPreferences/Info.plist;
				LD_RUNPATH_SEARCH_PATHS = "$(inherited) @executable_path/Frameworks";
				PRODUCT_NAME = "$(TARGET_NAME)";
			};
			name = Debug;
		};
		29D15EAD1AF8B6F900F28A97 /* Release */ = {
			isa = XCBuildConfiguration;
			buildSettings = {
				ASSETCATALOG_COMPILER_APPICON_NAME = AppIcon;
				CODE_SIGN_IDENTITY = "";
				"CODE_SIGN_IDENTITY[sdk=iphoneos*]" = "";
				INFOPLIST_FILE = FRPreferences/Info.plist;
				LD_RUNPATH_SEARCH_PATHS = "$(inherited) @executable_path/Frameworks";
				PRODUCT_NAME = "$(TARGET_NAME)";
			};
			name = Release;
		};
		29D15EAF1AF8B6F900F28A97 /* Debug */ = {
			isa = XCBuildConfiguration;
			buildSettings = {
				BUNDLE_LOADER = "$(TEST_HOST)";
				FRAMEWORK_SEARCH_PATHS = (
					"$(SDKROOT)/Developer/Library/Frameworks",
					"$(inherited)",
				);
				GCC_PREPROCESSOR_DEFINITIONS = (
					"DEBUG=1",
					"$(inherited)",
				);
				INFOPLIST_FILE = FRPreferencesTests/Info.plist;
				LD_RUNPATH_SEARCH_PATHS = "$(inherited) @executable_path/Frameworks @loader_path/Frameworks";
				PRODUCT_NAME = "$(TARGET_NAME)";
				TEST_HOST = "$(BUILT_PRODUCTS_DIR)/FRPreferences.app/FRPreferences";
			};
			name = Debug;
		};
		29D15EB01AF8B6F900F28A97 /* Release */ = {
			isa = XCBuildConfiguration;
			buildSettings = {
				BUNDLE_LOADER = "$(TEST_HOST)";
				FRAMEWORK_SEARCH_PATHS = (
					"$(SDKROOT)/Developer/Library/Frameworks",
					"$(inherited)",
				);
				INFOPLIST_FILE = FRPreferencesTests/Info.plist;
				LD_RUNPATH_SEARCH_PATHS = "$(inherited) @executable_path/Frameworks @loader_path/Frameworks";
				PRODUCT_NAME = "$(TARGET_NAME)";
				TEST_HOST = "$(BUILT_PRODUCTS_DIR)/FRPreferences.app/FRPreferences";
			};
			name = Release;
		};
/* End XCBuildConfiguration section */

/* Begin XCConfigurationList section */
		29D15E831AF8B6F900F28A97 /* Build configuration list for PBXProject "FRPreferences" */ = {
			isa = XCConfigurationList;
			buildConfigurations = (
				29D15EA91AF8B6F900F28A97 /* Debug */,
				29D15EAA1AF8B6F900F28A97 /* Release */,
			);
			defaultConfigurationIsVisible = 0;
			defaultConfigurationName = Release;
		};
		29D15EAB1AF8B6F900F28A97 /* Build configuration list for PBXNativeTarget "FRPreferences" */ = {
			isa = XCConfigurationList;
			buildConfigurations = (
				29D15EAC1AF8B6F900F28A97 /* Debug */,
				29D15EAD1AF8B6F900F28A97 /* Release */,
			);
			defaultConfigurationIsVisible = 0;
			defaultConfigurationName = Release;
		};
		29D15EAE1AF8B6F900F28A97 /* Build configuration list for PBXNativeTarget "FRPreferencesTests" */ = {
			isa = XCConfigurationList;
			buildConfigurations = (
				29D15EAF1AF8B6F900F28A97 /* Debug */,
				29D15EB01AF8B6F900F28A97 /* Release */,
			);
			defaultConfigurationIsVisible = 0;
			defaultConfigurationName = Release;
		};
/* End XCConfigurationList section */
	};
	rootObject = 29D15E801AF8B6F900F28A97 /* Project object */;
}
